<?xml version="1.0" encoding="utf-8"?>
<Project ToolsVersion="4.0" xmlns="http://schemas.microsoft.com/developer/msbuild/2003">
  <ItemGroup>
    <ClCompile Include="xnssdkwindowctrl.cpp">
      <Filter>Source Files</Filter>
    </ClCompile>
    <ClCompile Include="stdafx.cpp">
      <Filter>Source Files</Filter>
    </ClCompile>
    <ClCompile Include="xnssdkdevicectrl.cpp">
      <Filter>Source Files</Filter>
    </ClCompile>
    <ClCompile Include="NVRTextLive.cpp">
      <Filter>Source Files</Filter>
    </ClCompile>
    <ClCompile Include="NVRTextLiveDlg.cpp">
      <Filter>Source Files</Filter>
    </ClCompile>
  </ItemGroup>
  <ItemGroup>
    <ClInclude Include="Resource.h">
      <Filter>Header Files</Filter>
    </ClInclude>
    <ClInclude Include="stdafx.h">
      <Filter>Header Files</Filter>
    </ClInclude>
    <ClInclude Include="targetver.h">
      <Filter>Header Files</Filter>
    </ClInclude>
    <ClInclude Include="xnssdkdevicectrl.h">
      <Filter>Header Files</Filter>
    </ClInclude>
    <ClInclude Include="xnssdkwindowctrl.h">
      <Filter>Header Files</Filter>
    </ClInclude>
    <ClInclude Include="NVRTextLive.h">
      <Filter>Header Files</Filter>
    </ClInclude>
    <ClInclude Include="NVRTextLiveDlg.h">
      <Filter>Header Files</Filter>
    </ClInclude>
  </ItemGroup>
  <ItemGroup>
    <None Include="ReadMe.txt" />
    <None Include="res\NVRTextLive.ico">
      <Filter>Resource Files</Filter>
    </None>
    <None Include="res\NVRTextLive.rc2">
      <Filter>Resource Files</Filter>
    </None>
  </ItemGroup>
  <ItemGroup>
    <Filter Include="Header Files">
      <UniqueIdentifier>{304c1f2b-17f4-4c37-ab4d-96377fc7cc3e}</UniqueIdentifier>
    </Filter>
    <Filter Include="Resource Files">
      <UniqueIdentifier>{fd896f68-5d74-4d27-85dc-cfa5aba457b2}</UniqueIdentifier>
    </Filter>
    <Filter Include="Source Files">
      <UniqueIdentifier>{a3c1266a-8ef4-4c40-8be3-ca702f70875f}</UniqueIdentifier>
    </Filter>
  </ItemGroup>
  <ItemGroup>
    <ResourceCompile Include="NVRTextLive.rc">
      <Filter>Resource Files</Filter>
    </ResourceCompile>
  </ItemGroup>
</Project>