<?xml version="1.0" encoding="utf-8"?>
<Project ToolsVersion="4.0" xmlns="http://schemas.microsoft.com/developer/msbuild/2003">
  <ItemGroup>
    <ClCompile Include="xnssdkwindowctrl1.cpp">
      <Filter>Source Files</Filter>
    </ClCompile>
    <ClCompile Include="stdafx.cpp">
      <Filter>Source Files</Filter>
    </ClCompile>
    <ClCompile Include="xnssdkdevicectrl1.cpp">
      <Filter>Source Files</Filter>
    </ClCompile>
    <ClCompile Include="NVRTextPlayBack.cpp">
      <Filter>Source Files</Filter>
    </ClCompile>
    <ClCompile Include="NVRTextPlayBackDlg.cpp">
      <Filter>Source Files</Filter>
    </ClCompile>
  </ItemGroup>
  <ItemGroup>
    <ClInclude Include="DebugLog.h">
      <Filter>Header Files</Filter>
    </ClInclude>
    <ClInclude Include="Resource.h">
      <Filter>Header Files</Filter>
    </ClInclude>
    <ClInclude Include="targetver.h">
      <Filter>Header Files</Filter>
    </ClInclude>
    <ClInclude Include="xnssdkdevicectrl1.h">
      <Filter>Header Files</Filter>
    </ClInclude>
    <ClInclude Include="xnssdkwindowctrl1.h">
      <Filter>Header Files</Filter>
    </ClInclude>
    <ClInclude Include="stdafx.h">
      <Filter>Header Files</Filter>
    </ClInclude>
    <ClInclude Include="NVRTextPlayBack.h">
      <Filter>Header Files</Filter>
    </ClInclude>
    <ClInclude Include="NVRTextPlayBackDlg.h">
      <Filter>Header Files</Filter>
    </ClInclude>
  </ItemGroup>
  <ItemGroup>
    <None Include="ReadMe.txt">
      <Filter>Source Files</Filter>
    </None>
    <None Include="res\NVRTextPlayBack.ico">
      <Filter>Resource Files</Filter>
    </None>
    <None Include="res\NVRTextPlayBack.rc2">
      <Filter>Resource Files</Filter>
    </None>
  </ItemGroup>
  <ItemGroup>
    <Filter Include="Header Files">
      <UniqueIdentifier>{c784869c-0870-462f-9d78-548744464732}</UniqueIdentifier>
    </Filter>
    <Filter Include="Resource Files">
      <UniqueIdentifier>{a11d4100-392c-421d-a985-032cdd5ed82f}</UniqueIdentifier>
    </Filter>
    <Filter Include="Source Files">
      <UniqueIdentifier>{00b3fe65-484b-46c1-b5c4-db0f52b34503}</UniqueIdentifier>
    </Filter>
  </ItemGroup>
  <ItemGroup>
    <ResourceCompile Include="NVRTextPlayBack.rc">
      <Filter>Resource Files</Filter>
    </ResourceCompile>
  </ItemGroup>
</Project>